
Microsoft Visual Studio Solution File, Format Version 12.00
# Visual Studio Version 17
VisualStudioVersion = 17.0.31903.59
MinimumVisualStudioVersion = 10.0.40219.1
Project("{2150E333-8FDC-42A3-9474-1A3956D46DE8}") = "src", "src", "{827E0CD3-B72D-47B6-A68D-7590B98EB39B}"
EndProject
Project("{FAE04EC0-301F-11D3-BF4B-00C04F79EFBC}") = "IRETP.Domain", "src\IRETP.Domain\IRETP.Domain.csproj", "{6DEDC22D-DC91-455E-ABA8-CB67F5EC9F10}"
EndProject
Project("{FAE04EC0-301F-11D3-BF4B-00C04F79EFBC}") = "IRETP.Application", "src\IRETP.Application\IRETP.Application.csproj", "{DC539A29-1370-491E-AD47-06E1E9A02F92}"
EndProject
Project("{FAE04EC0-301F-11D3-BF4B-00C04F79EFBC}") = "IRETP.Infrastructure", "src\IRETP.Infrastructure\IRETP.Infrastructure.csproj", "{EB5E7C31-7C1F-406A-91DD-322AD57ED230}"
EndProject
Project("{FAE04EC0-301F-11D3-BF4B-00C04F79EFBC}") = "IRETP.WebAPI", "src\IRETP.WebAPI\IRETP.WebAPI.csproj", "{96B08BF5-C67F-4E7D-8934-C36E5C44932E}"
EndProject
Project("{FAE04EC0-301F-11D3-BF4B-00C04F79EFBC}") = "IRETP.AdminAPI", "src\IRETP.AdminAPI\IRETP.AdminAPI.csproj", "{981B2CB7-31CC-45B8-88FC-6053445DA24B}"
EndProject
Project("{FAE04EC0-301F-11D3-BF4B-00C04F79EFBC}") = "IRETP.Web", "src\IRETP.Web\IRETP.Web.csproj", "{A8CC15FA-D7E5-4E4D-BD0C-03C792079B0A}"
EndProject
Project("{2150E333-8FDC-42A3-9474-1A3956D46DE8}") = "tests", "tests", "{0AB3BF05-4346-4AA6-1389-037BE0695223}"
EndProject
Project("{FAE04EC0-301F-11D3-BF4B-00C04F79EFBC}") = "IRETP.Tests", "tests\IRETP.Tests\IRETP.Tests.csproj", "{51D29CD9-B943-4742-8483-0375B1BA2E6B}"
EndProject
Global
	GlobalSection(SolutionConfigurationPlatforms) = preSolution
		Debug|Any CPU = Debug|Any CPU
		Debug|x64 = Debug|x64
		Debug|x86 = Debug|x86
		Release|Any CPU = Release|Any CPU
		Release|x64 = Release|x64
		Release|x86 = Release|x86
	EndGlobalSection
	GlobalSection(ProjectConfigurationPlatforms) = postSolution
		{6DEDC22D-DC91-455E-ABA8-CB67F5EC9F10}.Debug|Any CPU.ActiveCfg = Debug|Any CPU
		{6DEDC22D-DC91-455E-ABA8-CB67F5EC9F10}.Debug|Any CPU.Build.0 = Debug|Any CPU
		{6DEDC22D-DC91-455E-ABA8-CB67F5EC9F10}.Debug|x64.ActiveCfg = Debug|Any CPU
		{6DEDC22D-DC91-455E-ABA8-CB67F5EC9F10}.Debug|x64.Build.0 = Debug|Any CPU
		{6DEDC22D-DC91-455E-ABA8-CB67F5EC9F10}.Debug|x86.ActiveCfg = Debug|Any CPU
		{6DEDC22D-DC91-455E-ABA8-CB67F5EC9F10}.Debug|x86.Build.0 = Debug|Any CPU
		{6DEDC22D-DC91-455E-ABA8-CB67F5EC9F10}.Release|Any CPU.ActiveCfg = Release|Any CPU
		{6DEDC22D-DC91-455E-ABA8-CB67F5EC9F10}.Release|Any CPU.Build.0 = Release|Any CPU
		{6DEDC22D-DC91-455E-ABA8-CB67F5EC9F10}.Release|x64.ActiveCfg = Release|Any CPU
		{6DEDC22D-DC91-455E-ABA8-CB67F5EC9F10}.Release|x64.Build.0 = Release|Any CPU
		{6DEDC22D-DC91-455E-ABA8-CB67F5EC9F10}.Release|x86.ActiveCfg = Release|Any CPU
		{6DEDC22D-DC91-455E-ABA8-CB67F5EC9F10}.Release|x86.Build.0 = Release|Any CPU
		{DC539A29-1370-491E-AD47-06E1E9A02F92}.Debug|Any CPU.ActiveCfg = Debug|Any CPU
		{DC539A29-1370-491E-AD47-06E1E9A02F92}.Debug|Any CPU.Build.0 = Debug|Any CPU
		{DC539A29-1370-491E-AD47-06E1E9A02F92}.Debug|x64.ActiveCfg = Debug|Any CPU
		{DC539A29-1370-491E-AD47-06E1E9A02F92}.Debug|x64.Build.0 = Debug|Any CPU
		{DC539A29-1370-491E-AD47-06E1E9A02F92}.Debug|x86.ActiveCfg = Debug|Any CPU
		{DC539A29-1370-491E-AD47-06E1E9A02F92}.Debug|x86.Build.0 = Debug|Any CPU
		{DC539A29-1370-491E-AD47-06E1E9A02F92}.Release|Any CPU.ActiveCfg = Release|Any CPU
		{DC539A29-1370-491E-AD47-06E1E9A02F92}.Release|Any CPU.Build.0 = Release|Any CPU
		{DC539A29-1370-491E-AD47-06E1E9A02F92}.Release|x64.ActiveCfg = Release|Any CPU
		{DC539A29-1370-491E-AD47-06E1E9A02F92}.Release|x64.Build.0 = Release|Any CPU
		{DC539A29-1370-491E-AD47-06E1E9A02F92}.Release|x86.ActiveCfg = Release|Any CPU
		{DC539A29-1370-491E-AD47-06E1E9A02F92}.Release|x86.Build.0 = Release|Any CPU
		{EB5E7C31-7C1F-406A-91DD-322AD57ED230}.Debug|Any CPU.ActiveCfg = Debug|Any CPU
		{EB5E7C31-7C1F-406A-91DD-322AD57ED230}.Debug|Any CPU.Build.0 = Debug|Any CPU
		{EB5E7C31-7C1F-406A-91DD-322AD57ED230}.Debug|x64.ActiveCfg = Debug|Any CPU
		{EB5E7C31-7C1F-406A-91DD-322AD57ED230}.Debug|x64.Build.0 = Debug|Any CPU
		{EB5E7C31-7C1F-406A-91DD-322AD57ED230}.Debug|x86.ActiveCfg = Debug|Any CPU
		{EB5E7C31-7C1F-406A-91DD-322AD57ED230}.Debug|x86.Build.0 = Debug|Any CPU
		{EB5E7C31-7C1F-406A-91DD-322AD57ED230}.Release|Any CPU.ActiveCfg = Release|Any CPU
		{EB5E7C31-7C1F-406A-91DD-322AD57ED230}.Release|Any CPU.Build.0 = Release|Any CPU
		{EB5E7C31-7C1F-406A-91DD-322AD57ED230}.Release|x64.ActiveCfg = Release|Any CPU
		{EB5E7C31-7C1F-406A-91DD-322AD57ED230}.Release|x64.Build.0 = Release|Any CPU
		{EB5E7C31-7C1F-406A-91DD-322AD57ED230}.Release|x86.ActiveCfg = Release|Any CPU
		{EB5E7C31-7C1F-406A-91DD-322AD57ED230}.Release|x86.Build.0 = Release|Any CPU
		{96B08BF5-C67F-4E7D-8934-C36E5C44932E}.Debug|Any CPU.ActiveCfg = Debug|Any CPU
		{96B08BF5-C67F-4E7D-8934-C36E5C44932E}.Debug|Any CPU.Build.0 = Debug|Any CPU
		{96B08BF5-C67F-4E7D-8934-C36E5C44932E}.Debug|x64.ActiveCfg = Debug|Any CPU
		{96B08BF5-C67F-4E7D-8934-C36E5C44932E}.Debug|x64.Build.0 = Debug|Any CPU
		{96B08BF5-C67F-4E7D-8934-C36E5C44932E}.Debug|x86.ActiveCfg = Debug|Any CPU
		{96B08BF5-C67F-4E7D-8934-C36E5C44932E}.Debug|x86.Build.0 = Debug|Any CPU
		{96B08BF5-C67F-4E7D-8934-C36E5C44932E}.Release|Any CPU.ActiveCfg = Release|Any CPU
		{96B08BF5-C67F-4E7D-8934-C36E5C44932E}.Release|Any CPU.Build.0 = Release|Any CPU
		{96B08BF5-C67F-4E7D-8934-C36E5C44932E}.Release|x64.ActiveCfg = Release|Any CPU
		{96B08BF5-C67F-4E7D-8934-C36E5C44932E}.Release|x64.Build.0 = Release|Any CPU
		{96B08BF5-C67F-4E7D-8934-C36E5C44932E}.Release|x86.ActiveCfg = Release|Any CPU
		{96B08BF5-C67F-4E7D-8934-C36E5C44932E}.Release|x86.Build.0 = Release|Any CPU
		{981B2CB7-31CC-45B8-88FC-6053445DA24B}.Debug|Any CPU.ActiveCfg = Debug|Any CPU
		{981B2CB7-31CC-45B8-88FC-6053445DA24B}.Debug|Any CPU.Build.0 = Debug|Any CPU
		{981B2CB7-31CC-45B8-88FC-6053445DA24B}.Debug|x64.ActiveCfg = Debug|Any CPU
		{981B2CB7-31CC-45B8-88FC-6053445DA24B}.Debug|x64.Build.0 = Debug|Any CPU
		{981B2CB7-31CC-45B8-88FC-6053445DA24B}.Debug|x86.ActiveCfg = Debug|Any CPU
		{981B2CB7-31CC-45B8-88FC-6053445DA24B}.Debug|x86.Build.0 = Debug|Any CPU
		{981B2CB7-31CC-45B8-88FC-6053445DA24B}.Release|Any CPU.ActiveCfg = Release|Any CPU
		{981B2CB7-31CC-45B8-88FC-6053445DA24B}.Release|Any CPU.Build.0 = Release|Any CPU
		{981B2CB7-31CC-45B8-88FC-6053445DA24B}.Release|x64.ActiveCfg = Release|Any CPU
		{981B2CB7-31CC-45B8-88FC-6053445DA24B}.Release|x64.Build.0 = Release|Any CPU
		{981B2CB7-31CC-45B8-88FC-6053445DA24B}.Release|x86.ActiveCfg = Release|Any CPU
		{981B2CB7-31CC-45B8-88FC-6053445DA24B}.Release|x86.Build.0 = Release|Any CPU
		{A8CC15FA-D7E5-4E4D-BD0C-03C792079B0A}.Debug|Any CPU.ActiveCfg = Debug|Any CPU
		{A8CC15FA-D7E5-4E4D-BD0C-03C792079B0A}.Debug|Any CPU.Build.0 = Debug|Any CPU
		{A8CC15FA-D7E5-4E4D-BD0C-03C792079B0A}.Debug|x64.ActiveCfg = Debug|Any CPU
		{A8CC15FA-D7E5-4E4D-BD0C-03C792079B0A}.Debug|x64.Build.0 = Debug|Any CPU
		{A8CC15FA-D7E5-4E4D-BD0C-03C792079B0A}.Debug|x86.ActiveCfg = Debug|Any CPU
		{A8CC15FA-D7E5-4E4D-BD0C-03C792079B0A}.Debug|x86.Build.0 = Debug|Any CPU
		{A8CC15FA-D7E5-4E4D-BD0C-03C792079B0A}.Release|Any CPU.ActiveCfg = Release|Any CPU
		{A8CC15FA-D7E5-4E4D-BD0C-03C792079B0A}.Release|Any CPU.Build.0 = Release|Any CPU
		{A8CC15FA-D7E5-4E4D-BD0C-03C792079B0A}.Release|x64.ActiveCfg = Release|Any CPU
		{A8CC15FA-D7E5-4E4D-BD0C-03C792079B0A}.Release|x64.Build.0 = Release|Any CPU
		{A8CC15FA-D7E5-4E4D-BD0C-03C792079B0A}.Release|x86.ActiveCfg = Release|Any CPU
		{A8CC15FA-D7E5-4E4D-BD0C-03C792079B0A}.Release|x86.Build.0 = Release|Any CPU
		{51D29CD9-B943-4742-8483-0375B1BA2E6B}.Debug|Any CPU.ActiveCfg = Debug|Any CPU
		{51D29CD9-B943-4742-8483-0375B1BA2E6B}.Debug|Any CPU.Build.0 = Debug|Any CPU
		{51D29CD9-B943-4742-8483-0375B1BA2E6B}.Debug|x64.ActiveCfg = Debug|Any CPU
		{51D29CD9-B943-4742-8483-0375B1BA2E6B}.Debug|x64.Build.0 = Debug|Any CPU
		{51D29CD9-B943-4742-8483-0375B1BA2E6B}.Debug|x86.ActiveCfg = Debug|Any CPU
		{51D29CD9-B943-4742-8483-0375B1BA2E6B}.Debug|x86.Build.0 = Debug|Any CPU
		{51D29CD9-B943-4742-8483-0375B1BA2E6B}.Release|Any CPU.ActiveCfg = Release|Any CPU
		{51D29CD9-B943-4742-8483-0375B1BA2E6B}.Release|Any CPU.Build.0 = Release|Any CPU
		{51D29CD9-B943-4742-8483-0375B1BA2E6B}.Release|x64.ActiveCfg = Release|Any CPU
		{51D29CD9-B943-4742-8483-0375B1BA2E6B}.Release|x64.Build.0 = Release|Any CPU
		{51D29CD9-B943-4742-8483-0375B1BA2E6B}.Release|x86.ActiveCfg = Release|Any CPU
		{51D29CD9-B943-4742-8483-0375B1BA2E6B}.Release|x86.Build.0 = Release|Any CPU
	EndGlobalSection
	GlobalSection(SolutionProperties) = preSolution
		HideSolutionNode = FALSE
	EndGlobalSection
	GlobalSection(NestedProjects) = preSolution
		{6DEDC22D-DC91-455E-ABA8-CB67F5EC9F10} = {827E0CD3-B72D-47B6-A68D-7590B98EB39B}
		{DC539A29-1370-491E-AD47-06E1E9A02F92} = {827E0CD3-B72D-47B6-A68D-7590B98EB39B}
		{EB5E7C31-7C1F-406A-91DD-322AD57ED230} = {827E0CD3-B72D-47B6-A68D-7590B98EB39B}
		{96B08BF5-C67F-4E7D-8934-C36E5C44932E} = {827E0CD3-B72D-47B6-A68D-7590B98EB39B}
		{981B2CB7-31CC-45B8-88FC-6053445DA24B} = {827E0CD3-B72D-47B6-A68D-7590B98EB39B}
		{A8CC15FA-D7E5-4E4D-BD0C-03C792079B0A} = {827E0CD3-B72D-47B6-A68D-7590B98EB39B}
		{51D29CD9-B943-4742-8483-0375B1BA2E6B} = {0AB3BF05-4346-4AA6-1389-037BE0695223}
	EndGlobalSection
EndGlobal
